
Microsoft Visual Studio Solution File, Format Version 12.00
# Visual Studio Version 17
VisualStudioVersion = 17.2.32630.192
MinimumVisualStudioVersion = 10.0.40219.1
Project("{2150E333-8FDC-42A3-9474-1A3956D46DE8}") = "SolutionItems", "SolutionItems", "{39BE973D-5AB1-4C24-9B78-05C4659D6638}"
	ProjectSection(SolutionItems) = preProject
		.editorconfig = .editorconfig
	EndProjectSection
EndProject
Project("{9A19103F-16F7-4668-BE54-9A1E7A4F7556}") = "Pondrop.Service.Product.Api.Tests", "tests\Pondrop.Service.Store.Api.Tests\Pondrop.Service.Product.Api.Tests.csproj", "{AC2FE504-A159-4285-B439-C182E999DF2A}"
EndProject
Project("{2150E333-8FDC-42A3-9474-1A3956D46DE8}") = "Tests", "Tests", "{562E9EBD-E544-4620-A7DA-478856114F15}"
EndProject
Project("{9A19103F-16F7-4668-BE54-9A1E7A4F7556}") = "Pondrop.Service.Product.Application.Tests", "tests\Pondrop.Service.Store.Application.Tests\Pondrop.Service.Product.Application.Tests.csproj", "{0B60A47D-BD9B-4D1B-939A-E6C73325BC09}"
EndProject
Project("{9A19103F-16F7-4668-BE54-9A1E7A4F7556}") = "Pondrop.Service.Product.Domain.Tests", "tests\Pondrop.Service.Store.Domain.Tests\Pondrop.Service.Product.Domain.Tests.csproj", "{2527BE8F-3221-43E8-B954-87AF06EC3EB0}"
EndProject
Project("{9A19103F-16F7-4668-BE54-9A1E7A4F7556}") = "Pondrop.Service.Product.Api", "src\Pondrop.Service.Product.Api\Pondrop.Service.Product.Api.csproj", "{9FB1E7C9-69CF-4B04-9517-69040D74C8BA}"
EndProject
Project("{9A19103F-16F7-4668-BE54-9A1E7A4F7556}") = "Pondrop.Service.Product.Application", "src\Pondrop.Service.Product.Application\Pondrop.Service.Product.Application.csproj", "{D305FFB8-2E86-4060-AD23-91E8D210BCC0}"
EndProject
Project("{9A19103F-16F7-4668-BE54-9A1E7A4F7556}") = "Pondrop.Service.Product.Domain", "src\Pondrop.Service.Product.Domain\Pondrop.Service.Product.Domain.csproj", "{FEBE1E62-4656-40A0-BE4F-977F082F9D6D}"
EndProject
Project("{9A19103F-16F7-4668-BE54-9A1E7A4F7556}") = "Pondrop.Service.Infrastructure", "..\Pondrop.Service.Infrastructure\Pondrop.Service.Infrastructure\Pondrop.Service.Infrastructure.csproj", "{A14A864D-3E92-4ACC-A798-9C94C30270A8}"
EndProject
Global
	GlobalSection(SolutionConfigurationPlatforms) = preSolution
		Debug|Any CPU = Debug|Any CPU
		Release|Any CPU = Release|Any CPU
	EndGlobalSection
	GlobalSection(ProjectConfigurationPlatforms) = postSolution
		{AC2FE504-A159-4285-B439-C182E999DF2A}.Debug|Any CPU.ActiveCfg = Debug|Any CPU
		{AC2FE504-A159-4285-B439-C182E999DF2A}.Debug|Any CPU.Build.0 = Debug|Any CPU
		{AC2FE504-A159-4285-B439-C182E999DF2A}.Release|Any CPU.ActiveCfg = Release|Any CPU
		{AC2FE504-A159-4285-B439-C182E999DF2A}.Release|Any CPU.Build.0 = Release|Any CPU
		{0B60A47D-BD9B-4D1B-939A-E6C73325BC09}.Debug|Any CPU.ActiveCfg = Debug|Any CPU
		{0B60A47D-BD9B-4D1B-939A-E6C73325BC09}.Debug|Any CPU.Build.0 = Debug|Any CPU
		{0B60A47D-BD9B-4D1B-939A-E6C73325BC09}.Release|Any CPU.ActiveCfg = Release|Any CPU
		{0B60A47D-BD9B-4D1B-939A-E6C73325BC09}.Release|Any CPU.Build.0 = Release|Any CPU
		{2527BE8F-3221-43E8-B954-87AF06EC3EB0}.Debug|Any CPU.ActiveCfg = Debug|Any CPU
		{2527BE8F-3221-43E8-B954-87AF06EC3EB0}.Debug|Any CPU.Build.0 = Debug|Any CPU
		{2527BE8F-3221-43E8-B954-87AF06EC3EB0}.Release|Any CPU.ActiveCfg = Release|Any CPU
		{2527BE8F-3221-43E8-B954-87AF06EC3EB0}.Release|Any CPU.Build.0 = Release|Any CPU
		{9FB1E7C9-69CF-4B04-9517-69040D74C8BA}.Debug|Any CPU.ActiveCfg = Debug|Any CPU
		{9FB1E7C9-69CF-4B04-9517-69040D74C8BA}.Debug|Any CPU.Build.0 = Debug|Any CPU
		{9FB1E7C9-69CF-4B04-9517-69040D74C8BA}.Release|Any CPU.ActiveCfg = Release|Any CPU
		{9FB1E7C9-69CF-4B04-9517-69040D74C8BA}.Release|Any CPU.Build.0 = Release|Any CPU
		{D305FFB8-2E86-4060-AD23-91E8D210BCC0}.Debug|Any CPU.ActiveCfg = Debug|Any CPU
		{D305FFB8-2E86-4060-AD23-91E8D210BCC0}.Debug|Any CPU.Build.0 = Debug|Any CPU
		{D305FFB8-2E86-4060-AD23-91E8D210BCC0}.Release|Any CPU.ActiveCfg = Release|Any CPU
		{D305FFB8-2E86-4060-AD23-91E8D210BCC0}.Release|Any CPU.Build.0 = Release|Any CPU
		{FEBE1E62-4656-40A0-BE4F-977F082F9D6D}.Debug|Any CPU.ActiveCfg = Debug|Any CPU
		{FEBE1E62-4656-40A0-BE4F-977F082F9D6D}.Debug|Any CPU.Build.0 = Debug|Any CPU
		{FEBE1E62-4656-40A0-BE4F-977F082F9D6D}.Release|Any CPU.ActiveCfg = Release|Any CPU
		{FEBE1E62-4656-40A0-BE4F-977F082F9D6D}.Release|Any CPU.Build.0 = Release|Any CPU
		{A14A864D-3E92-4ACC-A798-9C94C30270A8}.Debug|Any CPU.ActiveCfg = Debug|Any CPU
		{A14A864D-3E92-4ACC-A798-9C94C30270A8}.Debug|Any CPU.Build.0 = Debug|Any CPU
		{A14A864D-3E92-4ACC-A798-9C94C30270A8}.Release|Any CPU.ActiveCfg = Release|Any CPU
		{A14A864D-3E92-4ACC-A798-9C94C30270A8}.Release|Any CPU.Build.0 = Release|Any CPU
	EndGlobalSection
	GlobalSection(SolutionProperties) = preSolution
		HideSolutionNode = FALSE
	EndGlobalSection
	GlobalSection(NestedProjects) = preSolution
		{AC2FE504-A159-4285-B439-C182E999DF2A} = {562E9EBD-E544-4620-A7DA-478856114F15}
		{0B60A47D-BD9B-4D1B-939A-E6C73325BC09} = {562E9EBD-E544-4620-A7DA-478856114F15}
		{2527BE8F-3221-43E8-B954-87AF06EC3EB0} = {562E9EBD-E544-4620-A7DA-478856114F15}
	EndGlobalSection
	GlobalSection(ExtensibilityGlobals) = postSolution
		SolutionGuid = {EE8E2474-0756-48BE-ABAF-EC0469DF0460}
	EndGlobalSection
EndGlobal
